
Microsoft Visual Studio Solution File, Format Version 11.00
# Visual Studio 2010
Project("{FAE04EC0-301F-11D3-BF4B-00C04F79EFBC}") = "LDBTest", "LDBTest\LDBTest.csproj", "{0BBF7306-AD3F-4E1D-BB47-50C571369780}"
EndProject
Project("{FAE04EC0-301F-11D3-BF4B-00C04F79EFBC}") = "TransTraveler", "TransTraveler\TransTraveler.csproj", "{C5C7EE31-CB62-4B5F-8103-50EC12D9EBD3}"
EndProject
Global
	GlobalSection(SolutionConfigurationPlatforms) = preSolution
		Debug|Any CPU = Debug|Any CPU
		Release|Any CPU = Release|Any CPU
	EndGlobalSection
	GlobalSection(ProjectConfigurationPlatforms) = postSolution
		{0BBF7306-AD3F-4E1D-BB47-50C571369780}.Debug|Any CPU.ActiveCfg = Debug|Any CPU
		{0BBF7306-AD3F-4E1D-BB47-50C571369780}.Debug|Any CPU.Build.0 = Debug|Any CPU
		{0BBF7306-AD3F-4E1D-BB47-50C571369780}.Debug|Any CPU.Deploy.0 = Debug|Any CPU
		{0BBF7306-AD3F-4E1D-BB47-50C571369780}.Release|Any CPU.ActiveCfg = Release|Any CPU
		{0BBF7306-AD3F-4E1D-BB47-50C571369780}.Release|Any CPU.Build.0 = Release|Any CPU
		{0BBF7306-AD3F-4E1D-BB47-50C571369780}.Release|Any CPU.Deploy.0 = Release|Any CPU
		{C5C7EE31-CB62-4B5F-8103-50EC12D9EBD3}.Debug|Any CPU.ActiveCfg = Debug|Any CPU
		{C5C7EE31-CB62-4B5F-8103-50EC12D9EBD3}.Debug|Any CPU.Build.0 = Debug|Any CPU
		{C5C7EE31-CB62-4B5F-8103-50EC12D9EBD3}.Debug|Any CPU.Deploy.0 = Debug|Any CPU
		{C5C7EE31-CB62-4B5F-8103-50EC12D9EBD3}.Release|Any CPU.ActiveCfg = Release|Any CPU
		{C5C7EE31-CB62-4B5F-8103-50EC12D9EBD3}.Release|Any CPU.Build.0 = Release|Any CPU
		{C5C7EE31-CB62-4B5F-8103-50EC12D9EBD3}.Release|Any CPU.Deploy.0 = Release|Any CPU
	EndGlobalSection
	GlobalSection(SolutionProperties) = preSolution
		HideSolutionNode = FALSE
	EndGlobalSection
EndGlobal
